
Microsoft Visual Studio Solution File, Format Version 12.00
# Visual Studio Version 16
VisualStudioVersion = 16.0.29609.76
MinimumVisualStudioVersion = 10.0.40219.1
Project("{8BC9CEB8-8B4A-11D0-8D11-00A0C91BC942}") = "helloworld", "leetcode\leetcode.vcxproj", "{31402C0E-A4EB-4CAA-BB99-D4D43F5A9E90}"
EndProject
Project("{8BC9CEB8-8B4A-11D0-8D11-00A0C91BC942}") = "longestPalindrome", "longestPalindrome\longestPalindrome.vcxproj", "{67F68862-28B0-4B3C-824C-A266D4EFBDF3}"
EndProject
Project("{8BC9CEB8-8B4A-11D0-8D11-00A0C91BC942}") = "Zchange", "Zchange\Zchange.vcxproj", "{CF66C114-E9F8-4500-BC5E-974C9EFA0CAC}"
EndProject
Project("{8BC9CEB8-8B4A-11D0-8D11-00A0C91BC942}") = "deWeightArray", "deWeightArray\deWeightArray.vcxproj", "{D44F4184-A870-4D3E-BD16-33382095CC2B}"
EndProject
Project("{8BC9CEB8-8B4A-11D0-8D11-00A0C91BC942}") = "guessBet", "guessBet\guessBet.vcxproj", "{F64176F6-9C43-410A-8774-D9BC2BA46DA1}"
EndProject
Project("{8BC9CEB8-8B4A-11D0-8D11-00A0C91BC942}") = "Z-change", "Z-change\Z-change.vcxproj", "{C2908C05-9117-4699-BFA0-09F6A316BAC3}"
EndProject
Project("{9A19103F-16F7-4668-BE54-9A1E7A4F7556}") = "IntReverse", "IntReverse\IntReverse.csproj", "{324C89C1-B7B5-439E-82B7-E6B361D62CA6}"
EndProject
Project("{9A19103F-16F7-4668-BE54-9A1E7A4F7556}") = "aoti", "aoti\aoti.csproj", "{A0647D41-B061-41AF-8883-5F5AC6A0F64A}"
EndProject
Project("{9A19103F-16F7-4668-BE54-9A1E7A4F7556}") = "IsPalindrome", "IsPalindrome\IsPalindrome.csproj", "{F0FDA958-8964-4C32-88AE-887A5C7A65A0}"
EndProject
Project("{9A19103F-16F7-4668-BE54-9A1E7A4F7556}") = "IsMatch", "IsMatch\IsMatch.csproj", "{464B20F7-B7B8-45D7-A77D-8C503F6F533F}"
EndProject
Project("{FAE04EC0-301F-11D3-BF4B-00C04F79EFBC}") = "smallestRepunit", "smallestRepunit\smallestRepunit.csproj", "{00FF2FCD-B68B-4318-9A97-B086FD5DE2A0}"
EndProject
Global
	GlobalSection(SolutionConfigurationPlatforms) = preSolution
		Debug|Any CPU = Debug|Any CPU
		Debug|x64 = Debug|x64
		Debug|x86 = Debug|x86
		Release|Any CPU = Release|Any CPU
		Release|x64 = Release|x64
		Release|x86 = Release|x86
	EndGlobalSection
	GlobalSection(ProjectConfigurationPlatforms) = postSolution
		{31402C0E-A4EB-4CAA-BB99-D4D43F5A9E90}.Debug|Any CPU.ActiveCfg = Debug|Win32
		{31402C0E-A4EB-4CAA-BB99-D4D43F5A9E90}.Debug|x64.ActiveCfg = Debug|x64
		{31402C0E-A4EB-4CAA-BB99-D4D43F5A9E90}.Debug|x64.Build.0 = Debug|x64
		{31402C0E-A4EB-4CAA-BB99-D4D43F5A9E90}.Debug|x86.ActiveCfg = Debug|Win32
		{31402C0E-A4EB-4CAA-BB99-D4D43F5A9E90}.Debug|x86.Build.0 = Debug|Win32
		{31402C0E-A4EB-4CAA-BB99-D4D43F5A9E90}.Release|Any CPU.ActiveCfg = Release|Win32
		{31402C0E-A4EB-4CAA-BB99-D4D43F5A9E90}.Release|x64.ActiveCfg = Release|x64
		{31402C0E-A4EB-4CAA-BB99-D4D43F5A9E90}.Release|x64.Build.0 = Release|x64
		{31402C0E-A4EB-4CAA-BB99-D4D43F5A9E90}.Release|x86.ActiveCfg = Release|Win32
		{31402C0E-A4EB-4CAA-BB99-D4D43F5A9E90}.Release|x86.Build.0 = Release|Win32
		{67F68862-28B0-4B3C-824C-A266D4EFBDF3}.Debug|Any CPU.ActiveCfg = Debug|Win32
		{67F68862-28B0-4B3C-824C-A266D4EFBDF3}.Debug|x64.ActiveCfg = Debug|x64
		{67F68862-28B0-4B3C-824C-A266D4EFBDF3}.Debug|x64.Build.0 = Debug|x64
		{67F68862-28B0-4B3C-824C-A266D4EFBDF3}.Debug|x86.ActiveCfg = Debug|Win32
		{67F68862-28B0-4B3C-824C-A266D4EFBDF3}.Debug|x86.Build.0 = Debug|Win32
		{67F68862-28B0-4B3C-824C-A266D4EFBDF3}.Release|Any CPU.ActiveCfg = Release|Win32
		{67F68862-28B0-4B3C-824C-A266D4EFBDF3}.Release|x64.ActiveCfg = Release|x64
		{67F68862-28B0-4B3C-824C-A266D4EFBDF3}.Release|x64.Build.0 = Release|x64
		{67F68862-28B0-4B3C-824C-A266D4EFBDF3}.Release|x86.ActiveCfg = Release|Win32
		{67F68862-28B0-4B3C-824C-A266D4EFBDF3}.Release|x86.Build.0 = Release|Win32
		{CF66C114-E9F8-4500-BC5E-974C9EFA0CAC}.Debug|Any CPU.ActiveCfg = Debug|Win32
		{CF66C114-E9F8-4500-BC5E-974C9EFA0CAC}.Debug|x64.ActiveCfg = Debug|x64
		{CF66C114-E9F8-4500-BC5E-974C9EFA0CAC}.Debug|x64.Build.0 = Debug|x64
		{CF66C114-E9F8-4500-BC5E-974C9EFA0CAC}.Debug|x86.ActiveCfg = Debug|Win32
		{CF66C114-E9F8-4500-BC5E-974C9EFA0CAC}.Debug|x86.Build.0 = Debug|Win32
		{CF66C114-E9F8-4500-BC5E-974C9EFA0CAC}.Release|Any CPU.ActiveCfg = Release|Win32
		{CF66C114-E9F8-4500-BC5E-974C9EFA0CAC}.Release|x64.ActiveCfg = Release|x64
		{CF66C114-E9F8-4500-BC5E-974C9EFA0CAC}.Release|x64.Build.0 = Release|x64
		{CF66C114-E9F8-4500-BC5E-974C9EFA0CAC}.Release|x86.ActiveCfg = Release|Win32
		{CF66C114-E9F8-4500-BC5E-974C9EFA0CAC}.Release|x86.Build.0 = Release|Win32
		{D44F4184-A870-4D3E-BD16-33382095CC2B}.Debug|Any CPU.ActiveCfg = Debug|Win32
		{D44F4184-A870-4D3E-BD16-33382095CC2B}.Debug|x64.ActiveCfg = Debug|x64
		{D44F4184-A870-4D3E-BD16-33382095CC2B}.Debug|x64.Build.0 = Debug|x64
		{D44F4184-A870-4D3E-BD16-33382095CC2B}.Debug|x86.ActiveCfg = Debug|Win32
		{D44F4184-A870-4D3E-BD16-33382095CC2B}.Debug|x86.Build.0 = Debug|Win32
		{D44F4184-A870-4D3E-BD16-33382095CC2B}.Release|Any CPU.ActiveCfg = Release|Win32
		{D44F4184-A870-4D3E-BD16-33382095CC2B}.Release|x64.ActiveCfg = Release|x64
		{D44F4184-A870-4D3E-BD16-33382095CC2B}.Release|x64.Build.0 = Release|x64
		{D44F4184-A870-4D3E-BD16-33382095CC2B}.Release|x86.ActiveCfg = Release|Win32
		{D44F4184-A870-4D3E-BD16-33382095CC2B}.Release|x86.Build.0 = Release|Win32
		{F64176F6-9C43-410A-8774-D9BC2BA46DA1}.Debug|Any CPU.ActiveCfg = Debug|Win32
		{F64176F6-9C43-410A-8774-D9BC2BA46DA1}.Debug|x64.ActiveCfg = Debug|x64
		{F64176F6-9C43-410A-8774-D9BC2BA46DA1}.Debug|x64.Build.0 = Debug|x64
		{F64176F6-9C43-410A-8774-D9BC2BA46DA1}.Debug|x86.ActiveCfg = Debug|Win32
		{F64176F6-9C43-410A-8774-D9BC2BA46DA1}.Debug|x86.Build.0 = Debug|Win32
		{F64176F6-9C43-410A-8774-D9BC2BA46DA1}.Release|Any CPU.ActiveCfg = Release|Win32
		{F64176F6-9C43-410A-8774-D9BC2BA46DA1}.Release|x64.ActiveCfg = Release|x64
		{F64176F6-9C43-410A-8774-D9BC2BA46DA1}.Release|x64.Build.0 = Release|x64
		{F64176F6-9C43-410A-8774-D9BC2BA46DA1}.Release|x86.ActiveCfg = Release|Win32
		{F64176F6-9C43-410A-8774-D9BC2BA46DA1}.Release|x86.Build.0 = Release|Win32
		{C2908C05-9117-4699-BFA0-09F6A316BAC3}.Debug|Any CPU.ActiveCfg = Debug|Win32
		{C2908C05-9117-4699-BFA0-09F6A316BAC3}.Debug|x64.ActiveCfg = Debug|x64
		{C2908C05-9117-4699-BFA0-09F6A316BAC3}.Debug|x64.Build.0 = Debug|x64
		{C2908C05-9117-4699-BFA0-09F6A316BAC3}.Debug|x86.ActiveCfg = Debug|Win32
		{C2908C05-9117-4699-BFA0-09F6A316BAC3}.Debug|x86.Build.0 = Debug|Win32
		{C2908C05-9117-4699-BFA0-09F6A316BAC3}.Release|Any CPU.ActiveCfg = Release|Win32
		{C2908C05-9117-4699-BFA0-09F6A316BAC3}.Release|x64.ActiveCfg = Release|x64
		{C2908C05-9117-4699-BFA0-09F6A316BAC3}.Release|x64.Build.0 = Release|x64
		{C2908C05-9117-4699-BFA0-09F6A316BAC3}.Release|x86.ActiveCfg = Release|Win32
		{C2908C05-9117-4699-BFA0-09F6A316BAC3}.Release|x86.Build.0 = Release|Win32
		{324C89C1-B7B5-439E-82B7-E6B361D62CA6}.Debug|Any CPU.ActiveCfg = Debug|Any CPU
		{324C89C1-B7B5-439E-82B7-E6B361D62CA6}.Debug|Any CPU.Build.0 = Debug|Any CPU
		{324C89C1-B7B5-439E-82B7-E6B361D62CA6}.Debug|x64.ActiveCfg = Debug|Any CPU
		{324C89C1-B7B5-439E-82B7-E6B361D62CA6}.Debug|x64.Build.0 = Debug|Any CPU
		{324C89C1-B7B5-439E-82B7-E6B361D62CA6}.Debug|x86.ActiveCfg = Debug|Any CPU
		{324C89C1-B7B5-439E-82B7-E6B361D62CA6}.Debug|x86.Build.0 = Debug|Any CPU
		{324C89C1-B7B5-439E-82B7-E6B361D62CA6}.Release|Any CPU.ActiveCfg = Release|Any CPU
		{324C89C1-B7B5-439E-82B7-E6B361D62CA6}.Release|Any CPU.Build.0 = Release|Any CPU
		{324C89C1-B7B5-439E-82B7-E6B361D62CA6}.Release|x64.ActiveCfg = Release|Any CPU
		{324C89C1-B7B5-439E-82B7-E6B361D62CA6}.Release|x64.Build.0 = Release|Any CPU
		{324C89C1-B7B5-439E-82B7-E6B361D62CA6}.Release|x86.ActiveCfg = Release|Any CPU
		{324C89C1-B7B5-439E-82B7-E6B361D62CA6}.Release|x86.Build.0 = Release|Any CPU
		{A0647D41-B061-41AF-8883-5F5AC6A0F64A}.Debug|Any CPU.ActiveCfg = Debug|Any CPU
		{A0647D41-B061-41AF-8883-5F5AC6A0F64A}.Debug|Any CPU.Build.0 = Debug|Any CPU
		{A0647D41-B061-41AF-8883-5F5AC6A0F64A}.Debug|x64.ActiveCfg = Debug|Any CPU
		{A0647D41-B061-41AF-8883-5F5AC6A0F64A}.Debug|x64.Build.0 = Debug|Any CPU
		{A0647D41-B061-41AF-8883-5F5AC6A0F64A}.Debug|x86.ActiveCfg = Debug|Any CPU
		{A0647D41-B061-41AF-8883-5F5AC6A0F64A}.Debug|x86.Build.0 = Debug|Any CPU
		{A0647D41-B061-41AF-8883-5F5AC6A0F64A}.Release|Any CPU.ActiveCfg = Release|Any CPU
		{A0647D41-B061-41AF-8883-5F5AC6A0F64A}.Release|Any CPU.Build.0 = Release|Any CPU
		{A0647D41-B061-41AF-8883-5F5AC6A0F64A}.Release|x64.ActiveCfg = Release|Any CPU
		{A0647D41-B061-41AF-8883-5F5AC6A0F64A}.Release|x64.Build.0 = Release|Any CPU
		{A0647D41-B061-41AF-8883-5F5AC6A0F64A}.Release|x86.ActiveCfg = Release|Any CPU
		{A0647D41-B061-41AF-8883-5F5AC6A0F64A}.Release|x86.Build.0 = Release|Any CPU
		{F0FDA958-8964-4C32-88AE-887A5C7A65A0}.Debug|Any CPU.ActiveCfg = Debug|Any CPU
		{F0FDA958-8964-4C32-88AE-887A5C7A65A0}.Debug|Any CPU.Build.0 = Debug|Any CPU
		{F0FDA958-8964-4C32-88AE-887A5C7A65A0}.Debug|x64.ActiveCfg = Debug|Any CPU
		{F0FDA958-8964-4C32-88AE-887A5C7A65A0}.Debug|x64.Build.0 = Debug|Any CPU
		{F0FDA958-8964-4C32-88AE-887A5C7A65A0}.Debug|x86.ActiveCfg = Debug|Any CPU
		{F0FDA958-8964-4C32-88AE-887A5C7A65A0}.Debug|x86.Build.0 = Debug|Any CPU
		{F0FDA958-8964-4C32-88AE-887A5C7A65A0}.Release|Any CPU.ActiveCfg = Release|Any CPU
		{F0FDA958-8964-4C32-88AE-887A5C7A65A0}.Release|Any CPU.Build.0 = Release|Any CPU
		{F0FDA958-8964-4C32-88AE-887A5C7A65A0}.Release|x64.ActiveCfg = Release|Any CPU
		{F0FDA958-8964-4C32-88AE-887A5C7A65A0}.Release|x64.Build.0 = Release|Any CPU
		{F0FDA958-8964-4C32-88AE-887A5C7A65A0}.Release|x86.ActiveCfg = Release|Any CPU
		{F0FDA958-8964-4C32-88AE-887A5C7A65A0}.Release|x86.Build.0 = Release|Any CPU
		{464B20F7-B7B8-45D7-A77D-8C503F6F533F}.Debug|Any CPU.ActiveCfg = Debug|Any CPU
		{464B20F7-B7B8-45D7-A77D-8C503F6F533F}.Debug|Any CPU.Build.0 = Debug|Any CPU
		{464B20F7-B7B8-45D7-A77D-8C503F6F533F}.Debug|x64.ActiveCfg = Debug|Any CPU
		{464B20F7-B7B8-45D7-A77D-8C503F6F533F}.Debug|x64.Build.0 = Debug|Any CPU
		{464B20F7-B7B8-45D7-A77D-8C503F6F533F}.Debug|x86.ActiveCfg = Debug|Any CPU
		{464B20F7-B7B8-45D7-A77D-8C503F6F533F}.Debug|x86.Build.0 = Debug|Any CPU
		{464B20F7-B7B8-45D7-A77D-8C503F6F533F}.Release|Any CPU.ActiveCfg = Release|Any CPU
		{464B20F7-B7B8-45D7-A77D-8C503F6F533F}.Release|Any CPU.Build.0 = Release|Any CPU
		{464B20F7-B7B8-45D7-A77D-8C503F6F533F}.Release|x64.ActiveCfg = Release|Any CPU
		{464B20F7-B7B8-45D7-A77D-8C503F6F533F}.Release|x64.Build.0 = Release|Any CPU
		{464B20F7-B7B8-45D7-A77D-8C503F6F533F}.Release|x86.ActiveCfg = Release|Any CPU
		{464B20F7-B7B8-45D7-A77D-8C503F6F533F}.Release|x86.Build.0 = Release|Any CPU
		{00FF2FCD-B68B-4318-9A97-B086FD5DE2A0}.Debug|Any CPU.ActiveCfg = Debug|Any CPU
		{00FF2FCD-B68B-4318-9A97-B086FD5DE2A0}.Debug|Any CPU.Build.0 = Debug|Any CPU
		{00FF2FCD-B68B-4318-9A97-B086FD5DE2A0}.Debug|x64.ActiveCfg = Debug|Any CPU
		{00FF2FCD-B68B-4318-9A97-B086FD5DE2A0}.Debug|x64.Build.0 = Debug|Any CPU
		{00FF2FCD-B68B-4318-9A97-B086FD5DE2A0}.Debug|x86.ActiveCfg = Debug|Any CPU
		{00FF2FCD-B68B-4318-9A97-B086FD5DE2A0}.Debug|x86.Build.0 = Debug|Any CPU
		{00FF2FCD-B68B-4318-9A97-B086FD5DE2A0}.Release|Any CPU.ActiveCfg = Release|Any CPU
		{00FF2FCD-B68B-4318-9A97-B086FD5DE2A0}.Release|Any CPU.Build.0 = Release|Any CPU
		{00FF2FCD-B68B-4318-9A97-B086FD5DE2A0}.Release|x64.ActiveCfg = Release|Any CPU
		{00FF2FCD-B68B-4318-9A97-B086FD5DE2A0}.Release|x64.Build.0 = Release|Any CPU
		{00FF2FCD-B68B-4318-9A97-B086FD5DE2A0}.Release|x86.ActiveCfg = Release|Any CPU
		{00FF2FCD-B68B-4318-9A97-B086FD5DE2A0}.Release|x86.Build.0 = Release|Any CPU
	EndGlobalSection
	GlobalSection(SolutionProperties) = preSolution
		HideSolutionNode = FALSE
	EndGlobalSection
	GlobalSection(ExtensibilityGlobals) = postSolution
		SolutionGuid = {D77345AF-0B5A-44E3-BF6A-C37DAECF19C5}
	EndGlobalSection
EndGlobal
