
Microsoft Visual Studio Solution File, Format Version 12.00
# Visual Studio Version 16
VisualStudioVersion = 16.0.29609.76
MinimumVisualStudioVersion = 10.0.40219.1
Project("{8BC9CEB8-8B4A-11D0-8D11-00A0C91BC942}") = "leetcode", "leetcode\leetcode.vcxproj", "{31402C0E-A4EB-4CAA-BB99-D4D43F5A9E90}"
EndProject
Project("{8BC9CEB8-8B4A-11D0-8D11-00A0C91BC942}") = "longestPalindrome", "longestPalindrome\longestPalindrome.vcxproj", "{67F68862-28B0-4B3C-824C-A266D4EFBDF3}"
EndProject
Project("{8BC9CEB8-8B4A-11D0-8D11-00A0C91BC942}") = "Zchange", "Zchange\Zchange.vcxproj", "{CF66C114-E9F8-4500-BC5E-974C9EFA0CAC}"
EndProject
Project("{8BC9CEB8-8B4A-11D0-8D11-00A0C91BC942}") = "deWeightArray", "deWeightArray\deWeightArray.vcxproj", "{D44F4184-A870-4D3E-BD16-33382095CC2B}"
EndProject
Project("{8BC9CEB8-8B4A-11D0-8D11-00A0C91BC942}") = "guessBet", "guessBet\guessBet.vcxproj", "{F64176F6-9C43-410A-8774-D9BC2BA46DA1}"
EndProject
Project("{8BC9CEB8-8B4A-11D0-8D11-00A0C91BC942}") = "Z-change", "Z-change\Z-change.vcxproj", "{C2908C05-9117-4699-BFA0-09F6A316BAC3}"
EndProject
Project("{9A19103F-16F7-4668-BE54-9A1E7A4F7556}") = "IntReverse", "IntReverse\IntReverse.csproj", "{324C89C1-B7B5-439E-82B7-E6B361D62CA6}"
EndProject
Project("{9A19103F-16F7-4668-BE54-9A1E7A4F7556}") = "aoti", "aoti\aoti.csproj", "{A0647D41-B061-41AF-8883-5F5AC6A0F64A}"
EndProject
Project("{9A19103F-16F7-4668-BE54-9A1E7A4F7556}") = "IsPalindrome", "IsPalindrome\IsPalindrome.csproj", "{F0FDA958-8964-4C32-88AE-887A5C7A65A0}"
EndProject
Project("{9A19103F-16F7-4668-BE54-9A1E7A4F7556}") = "IsMatch", "IsMatch\IsMatch.csproj", "{464B20F7-B7B8-45D7-A77D-8C503F6F533F}"
EndProject
Project("{FAE04EC0-301F-11D3-BF4B-00C04F79EFBC}") = "smallestRepunit", "smallestRepunit\smallestRepunit.csproj", "{00FF2FCD-B68B-4318-9A97-B086FD5DE2A0}"
EndProject
Project("{FAE04EC0-301F-11D3-BF4B-00C04F79EFBC}") = "LongestPalindromeForCSharp", "LongestPalindromeForCSharp\LongestPalindromeForCSharp.csproj", "{A360B6EC-698A-4D2B-B7A4-7F95A06CCAC3}"
EndProject
Project("{FAE04EC0-301F-11D3-BF4B-00C04F79EFBC}") = "Merge", "Merge\Merge.csproj", "{8CA4A5E3-2BFD-4E6D-A3E7-9E02CD406EA7}"
EndProject
Project("{FAE04EC0-301F-11D3-BF4B-00C04F79EFBC}") = "ValidPartition", "ValidPartition\ValidPartition.csproj", "{2709FF6C-3BB4-41F6-B842-C41E6AA13E94}"
EndProject
Project("{FAE04EC0-301F-11D3-BF4B-00C04F79EFBC}") = "ProductExceptSelf", "ProductExceptSelf\ProductExceptSelf.csproj", "{A0B13E79-9944-464F-8E84-B72F6727491A}"
EndProject
Project("{FAE04EC0-301F-11D3-BF4B-00C04F79EFBC}") = "kickmouse", "kickmouse\kickmouse.csproj", "{206C7451-4609-4F30-B7AB-14B2FB8B96C8}"
EndProject
Project("{FAE04EC0-301F-11D3-BF4B-00C04F79EFBC}") = "MinMoves", "MinMoves\MinMoves.csproj", "{918E7FCC-0F36-42CA-B81F-F578C168A02F}"
EndProject
Project("{FAE04EC0-301F-11D3-BF4B-00C04F79EFBC}") = "FindLonely", "FindLonely\FindLonely.csproj", "{5D753C64-F6EF-4AEB-91E4-CA259D0176F9}"
EndProject
Project("{FAE04EC0-301F-11D3-BF4B-00C04F79EFBC}") = "LongestDecomposition", "LongestDecomposition\LongestDecomposition.csproj", "{7F8AEC9E-B957-4428-A153-2E6D4AF68C17}"
EndProject
Project("{FAE04EC0-301F-11D3-BF4B-00C04F79EFBC}") = "FindMinFibonacciNumbers", "FindMinFibonacciNumbers\FindMinFibonacciNumbers.csproj", "{8B2EBB25-4EEF-4DB1-8F8A-29BCA70AF6AD}"
EndProject
Project("{FAE04EC0-301F-11D3-BF4B-00C04F79EFBC}") = "ValidPalindrome", "ValidPalindrome\ValidPalindrome.csproj", "{F417DF9C-EB38-49D1-8D68-0AC63CEBCC42}"
EndProject
Project("{FAE04EC0-301F-11D3-BF4B-00C04F79EFBC}") = "MaxDiff", "MaxDiff\MaxDiff.csproj", "{7B92AC4A-4823-4A16-83B3-3DE8A1F38D68}"
EndProject
Project("{FAE04EC0-301F-11D3-BF4B-00C04F79EFBC}") = "MaxRunTime", "MaxRunTime\MaxRunTime.csproj", "{872092E1-33A8-44EC-9DCD-C83AACAE43B4}"
EndProject
Project("{FAE04EC0-301F-11D3-BF4B-00C04F79EFBC}") = "SumOfDistancesInTree", "SumOfDistancesInTree\SumOfDistancesInTree.csproj", "{20E04B05-8E5D-433A-8D28-8E25C3AD5509}"
EndProject
Project("{FAE04EC0-301F-11D3-BF4B-00C04F79EFBC}") = "RearrangeArray", "RearrangeArray\RearrangeArray.csproj", "{9ED5C493-07D6-4FAE-97D5-1BB4BFEEBEB7}"
EndProject
Project("{FAE04EC0-301F-11D3-BF4B-00C04F79EFBC}") = "DistinctNames", "DistinctNames\DistinctNames.csproj", "{7D621546-E731-4786-85FB-691581D3E72C}"
EndProject
Project("{FAE04EC0-301F-11D3-BF4B-00C04F79EFBC}") = "MinimumTime", "MinimumTime\MinimumTime.csproj", "{00FB7BAD-97A2-4702-A572-087A4FEDF224}"
EndProject
Project("{FAE04EC0-301F-11D3-BF4B-00C04F79EFBC}") = "BallGame", "BallGame\BallGame.csproj", "{EA1DBB08-C1F0-478A-87C1-358F656102F6}"
EndProject
Project("{FAE04EC0-301F-11D3-BF4B-00C04F79EFBC}") = "LongestCommonSubsequence", "LongestCommonSubsequence\LongestCommonSubsequence.csproj", "{664FB999-83A0-433C-932C-1443B26DF61E}"
EndProject
Project("{FAE04EC0-301F-11D3-BF4B-00C04F79EFBC}") = "SubArrayRanges", "SubArrayRanges\SubArrayRanges.csproj", "{01F60765-4B81-4BE8-8C18-1291F74F9CE0}"
EndProject
Project("{FAE04EC0-301F-11D3-BF4B-00C04F79EFBC}") = "LongestRepeating", "LongestRepeating\LongestRepeating.csproj", "{CFE2AED2-B95A-4821-8EF9-92316F90A0D9}"
EndProject
Project("{FAE04EC0-301F-11D3-BF4B-00C04F79EFBC}") = "WiggleSort", "WiggleSort\WiggleSort.csproj", "{943A5EF7-1F95-4A67-AB37-C945DC571531}"
EndProject
Project("{FAE04EC0-301F-11D3-BF4B-00C04F79EFBC}") = "MaximumBeauty", "MaximumBeauty\MaximumBeauty.csproj", "{1337767E-4093-4F03-9455-C2755D636371}"
EndProject
Project("{FAE04EC0-301F-11D3-BF4B-00C04F79EFBC}") = "Test", "Test\Test.csproj", "{60C382C0-23DD-48B6-A120-BC8F4ACC84BD}"
EndProject
Project("{FAE04EC0-301F-11D3-BF4B-00C04F79EFBC}") = "gcd", "gcd\gcd.csproj", "{01EC0CA3-7369-415F-95A6-30BE7729A583}"
EndProject
Global
	GlobalSection(SolutionConfigurationPlatforms) = preSolution
		Debug|Any CPU = Debug|Any CPU
		Debug|x64 = Debug|x64
		Debug|x86 = Debug|x86
		Release|Any CPU = Release|Any CPU
		Release|x64 = Release|x64
		Release|x86 = Release|x86
	EndGlobalSection
	GlobalSection(ProjectConfigurationPlatforms) = postSolution
		{31402C0E-A4EB-4CAA-BB99-D4D43F5A9E90}.Debug|Any CPU.ActiveCfg = Debug|Win32
		{31402C0E-A4EB-4CAA-BB99-D4D43F5A9E90}.Debug|x64.ActiveCfg = Debug|x64
		{31402C0E-A4EB-4CAA-BB99-D4D43F5A9E90}.Debug|x64.Build.0 = Debug|x64
		{31402C0E-A4EB-4CAA-BB99-D4D43F5A9E90}.Debug|x86.ActiveCfg = Debug|Win32
		{31402C0E-A4EB-4CAA-BB99-D4D43F5A9E90}.Debug|x86.Build.0 = Debug|Win32
		{31402C0E-A4EB-4CAA-BB99-D4D43F5A9E90}.Release|Any CPU.ActiveCfg = Release|Win32
		{31402C0E-A4EB-4CAA-BB99-D4D43F5A9E90}.Release|x64.ActiveCfg = Release|x64
		{31402C0E-A4EB-4CAA-BB99-D4D43F5A9E90}.Release|x64.Build.0 = Release|x64
		{31402C0E-A4EB-4CAA-BB99-D4D43F5A9E90}.Release|x86.ActiveCfg = Release|Win32
		{31402C0E-A4EB-4CAA-BB99-D4D43F5A9E90}.Release|x86.Build.0 = Release|Win32
		{67F68862-28B0-4B3C-824C-A266D4EFBDF3}.Debug|Any CPU.ActiveCfg = Debug|Win32
		{67F68862-28B0-4B3C-824C-A266D4EFBDF3}.Debug|x64.ActiveCfg = Debug|x64
		{67F68862-28B0-4B3C-824C-A266D4EFBDF3}.Debug|x64.Build.0 = Debug|x64
		{67F68862-28B0-4B3C-824C-A266D4EFBDF3}.Debug|x86.ActiveCfg = Debug|Win32
		{67F68862-28B0-4B3C-824C-A266D4EFBDF3}.Debug|x86.Build.0 = Debug|Win32
		{67F68862-28B0-4B3C-824C-A266D4EFBDF3}.Release|Any CPU.ActiveCfg = Release|Win32
		{67F68862-28B0-4B3C-824C-A266D4EFBDF3}.Release|x64.ActiveCfg = Release|x64
		{67F68862-28B0-4B3C-824C-A266D4EFBDF3}.Release|x64.Build.0 = Release|x64
		{67F68862-28B0-4B3C-824C-A266D4EFBDF3}.Release|x86.ActiveCfg = Release|Win32
		{67F68862-28B0-4B3C-824C-A266D4EFBDF3}.Release|x86.Build.0 = Release|Win32
		{CF66C114-E9F8-4500-BC5E-974C9EFA0CAC}.Debug|Any CPU.ActiveCfg = Debug|Win32
		{CF66C114-E9F8-4500-BC5E-974C9EFA0CAC}.Debug|x64.ActiveCfg = Debug|x64
		{CF66C114-E9F8-4500-BC5E-974C9EFA0CAC}.Debug|x64.Build.0 = Debug|x64
		{CF66C114-E9F8-4500-BC5E-974C9EFA0CAC}.Debug|x86.ActiveCfg = Debug|Win32
		{CF66C114-E9F8-4500-BC5E-974C9EFA0CAC}.Debug|x86.Build.0 = Debug|Win32
		{CF66C114-E9F8-4500-BC5E-974C9EFA0CAC}.Release|Any CPU.ActiveCfg = Release|Win32
		{CF66C114-E9F8-4500-BC5E-974C9EFA0CAC}.Release|x64.ActiveCfg = Release|x64
		{CF66C114-E9F8-4500-BC5E-974C9EFA0CAC}.Release|x64.Build.0 = Release|x64
		{CF66C114-E9F8-4500-BC5E-974C9EFA0CAC}.Release|x86.ActiveCfg = Release|Win32
		{CF66C114-E9F8-4500-BC5E-974C9EFA0CAC}.Release|x86.Build.0 = Release|Win32
		{D44F4184-A870-4D3E-BD16-33382095CC2B}.Debug|Any CPU.ActiveCfg = Debug|Win32
		{D44F4184-A870-4D3E-BD16-33382095CC2B}.Debug|x64.ActiveCfg = Debug|x64
		{D44F4184-A870-4D3E-BD16-33382095CC2B}.Debug|x64.Build.0 = Debug|x64
		{D44F4184-A870-4D3E-BD16-33382095CC2B}.Debug|x86.ActiveCfg = Debug|Win32
		{D44F4184-A870-4D3E-BD16-33382095CC2B}.Debug|x86.Build.0 = Debug|Win32
		{D44F4184-A870-4D3E-BD16-33382095CC2B}.Release|Any CPU.ActiveCfg = Release|Win32
		{D44F4184-A870-4D3E-BD16-33382095CC2B}.Release|x64.ActiveCfg = Release|x64
		{D44F4184-A870-4D3E-BD16-33382095CC2B}.Release|x64.Build.0 = Release|x64
		{D44F4184-A870-4D3E-BD16-33382095CC2B}.Release|x86.ActiveCfg = Release|Win32
		{D44F4184-A870-4D3E-BD16-33382095CC2B}.Release|x86.Build.0 = Release|Win32
		{F64176F6-9C43-410A-8774-D9BC2BA46DA1}.Debug|Any CPU.ActiveCfg = Debug|Win32
		{F64176F6-9C43-410A-8774-D9BC2BA46DA1}.Debug|x64.ActiveCfg = Debug|x64
		{F64176F6-9C43-410A-8774-D9BC2BA46DA1}.Debug|x64.Build.0 = Debug|x64
		{F64176F6-9C43-410A-8774-D9BC2BA46DA1}.Debug|x86.ActiveCfg = Debug|Win32
		{F64176F6-9C43-410A-8774-D9BC2BA46DA1}.Debug|x86.Build.0 = Debug|Win32
		{F64176F6-9C43-410A-8774-D9BC2BA46DA1}.Release|Any CPU.ActiveCfg = Release|Win32
		{F64176F6-9C43-410A-8774-D9BC2BA46DA1}.Release|x64.ActiveCfg = Release|x64
		{F64176F6-9C43-410A-8774-D9BC2BA46DA1}.Release|x64.Build.0 = Release|x64
		{F64176F6-9C43-410A-8774-D9BC2BA46DA1}.Release|x86.ActiveCfg = Release|Win32
		{F64176F6-9C43-410A-8774-D9BC2BA46DA1}.Release|x86.Build.0 = Release|Win32
		{C2908C05-9117-4699-BFA0-09F6A316BAC3}.Debug|Any CPU.ActiveCfg = Debug|Win32
		{C2908C05-9117-4699-BFA0-09F6A316BAC3}.Debug|x64.ActiveCfg = Debug|x64
		{C2908C05-9117-4699-BFA0-09F6A316BAC3}.Debug|x64.Build.0 = Debug|x64
		{C2908C05-9117-4699-BFA0-09F6A316BAC3}.Debug|x86.ActiveCfg = Debug|Win32
		{C2908C05-9117-4699-BFA0-09F6A316BAC3}.Debug|x86.Build.0 = Debug|Win32
		{C2908C05-9117-4699-BFA0-09F6A316BAC3}.Release|Any CPU.ActiveCfg = Release|Win32
		{C2908C05-9117-4699-BFA0-09F6A316BAC3}.Release|x64.ActiveCfg = Release|x64
		{C2908C05-9117-4699-BFA0-09F6A316BAC3}.Release|x64.Build.0 = Release|x64
		{C2908C05-9117-4699-BFA0-09F6A316BAC3}.Release|x86.ActiveCfg = Release|Win32
		{C2908C05-9117-4699-BFA0-09F6A316BAC3}.Release|x86.Build.0 = Release|Win32
		{324C89C1-B7B5-439E-82B7-E6B361D62CA6}.Debug|Any CPU.ActiveCfg = Debug|Any CPU
		{324C89C1-B7B5-439E-82B7-E6B361D62CA6}.Debug|Any CPU.Build.0 = Debug|Any CPU
		{324C89C1-B7B5-439E-82B7-E6B361D62CA6}.Debug|x64.ActiveCfg = Debug|Any CPU
		{324C89C1-B7B5-439E-82B7-E6B361D62CA6}.Debug|x64.Build.0 = Debug|Any CPU
		{324C89C1-B7B5-439E-82B7-E6B361D62CA6}.Debug|x86.ActiveCfg = Debug|Any CPU
		{324C89C1-B7B5-439E-82B7-E6B361D62CA6}.Debug|x86.Build.0 = Debug|Any CPU
		{324C89C1-B7B5-439E-82B7-E6B361D62CA6}.Release|Any CPU.ActiveCfg = Release|Any CPU
		{324C89C1-B7B5-439E-82B7-E6B361D62CA6}.Release|Any CPU.Build.0 = Release|Any CPU
		{324C89C1-B7B5-439E-82B7-E6B361D62CA6}.Release|x64.ActiveCfg = Release|Any CPU
		{324C89C1-B7B5-439E-82B7-E6B361D62CA6}.Release|x64.Build.0 = Release|Any CPU
		{324C89C1-B7B5-439E-82B7-E6B361D62CA6}.Release|x86.ActiveCfg = Release|Any CPU
		{324C89C1-B7B5-439E-82B7-E6B361D62CA6}.Release|x86.Build.0 = Release|Any CPU
		{A0647D41-B061-41AF-8883-5F5AC6A0F64A}.Debug|Any CPU.ActiveCfg = Debug|Any CPU
		{A0647D41-B061-41AF-8883-5F5AC6A0F64A}.Debug|Any CPU.Build.0 = Debug|Any CPU
		{A0647D41-B061-41AF-8883-5F5AC6A0F64A}.Debug|x64.ActiveCfg = Debug|Any CPU
		{A0647D41-B061-41AF-8883-5F5AC6A0F64A}.Debug|x64.Build.0 = Debug|Any CPU
		{A0647D41-B061-41AF-8883-5F5AC6A0F64A}.Debug|x86.ActiveCfg = Debug|Any CPU
		{A0647D41-B061-41AF-8883-5F5AC6A0F64A}.Debug|x86.Build.0 = Debug|Any CPU
		{A0647D41-B061-41AF-8883-5F5AC6A0F64A}.Release|Any CPU.ActiveCfg = Release|Any CPU
		{A0647D41-B061-41AF-8883-5F5AC6A0F64A}.Release|Any CPU.Build.0 = Release|Any CPU
		{A0647D41-B061-41AF-8883-5F5AC6A0F64A}.Release|x64.ActiveCfg = Release|Any CPU
		{A0647D41-B061-41AF-8883-5F5AC6A0F64A}.Release|x64.Build.0 = Release|Any CPU
		{A0647D41-B061-41AF-8883-5F5AC6A0F64A}.Release|x86.ActiveCfg = Release|Any CPU
		{A0647D41-B061-41AF-8883-5F5AC6A0F64A}.Release|x86.Build.0 = Release|Any CPU
		{F0FDA958-8964-4C32-88AE-887A5C7A65A0}.Debug|Any CPU.ActiveCfg = Debug|Any CPU
		{F0FDA958-8964-4C32-88AE-887A5C7A65A0}.Debug|Any CPU.Build.0 = Debug|Any CPU
		{F0FDA958-8964-4C32-88AE-887A5C7A65A0}.Debug|x64.ActiveCfg = Debug|Any CPU
		{F0FDA958-8964-4C32-88AE-887A5C7A65A0}.Debug|x64.Build.0 = Debug|Any CPU
		{F0FDA958-8964-4C32-88AE-887A5C7A65A0}.Debug|x86.ActiveCfg = Debug|Any CPU
		{F0FDA958-8964-4C32-88AE-887A5C7A65A0}.Debug|x86.Build.0 = Debug|Any CPU
		{F0FDA958-8964-4C32-88AE-887A5C7A65A0}.Release|Any CPU.ActiveCfg = Release|Any CPU
		{F0FDA958-8964-4C32-88AE-887A5C7A65A0}.Release|Any CPU.Build.0 = Release|Any CPU
		{F0FDA958-8964-4C32-88AE-887A5C7A65A0}.Release|x64.ActiveCfg = Release|Any CPU
		{F0FDA958-8964-4C32-88AE-887A5C7A65A0}.Release|x64.Build.0 = Release|Any CPU
		{F0FDA958-8964-4C32-88AE-887A5C7A65A0}.Release|x86.ActiveCfg = Release|Any CPU
		{F0FDA958-8964-4C32-88AE-887A5C7A65A0}.Release|x86.Build.0 = Release|Any CPU
		{464B20F7-B7B8-45D7-A77D-8C503F6F533F}.Debug|Any CPU.ActiveCfg = Debug|Any CPU
		{464B20F7-B7B8-45D7-A77D-8C503F6F533F}.Debug|Any CPU.Build.0 = Debug|Any CPU
		{464B20F7-B7B8-45D7-A77D-8C503F6F533F}.Debug|x64.ActiveCfg = Debug|Any CPU
		{464B20F7-B7B8-45D7-A77D-8C503F6F533F}.Debug|x64.Build.0 = Debug|Any CPU
		{464B20F7-B7B8-45D7-A77D-8C503F6F533F}.Debug|x86.ActiveCfg = Debug|Any CPU
		{464B20F7-B7B8-45D7-A77D-8C503F6F533F}.Debug|x86.Build.0 = Debug|Any CPU
		{464B20F7-B7B8-45D7-A77D-8C503F6F533F}.Release|Any CPU.ActiveCfg = Release|Any CPU
		{464B20F7-B7B8-45D7-A77D-8C503F6F533F}.Release|Any CPU.Build.0 = Release|Any CPU
		{464B20F7-B7B8-45D7-A77D-8C503F6F533F}.Release|x64.ActiveCfg = Release|Any CPU
		{464B20F7-B7B8-45D7-A77D-8C503F6F533F}.Release|x64.Build.0 = Release|Any CPU
		{464B20F7-B7B8-45D7-A77D-8C503F6F533F}.Release|x86.ActiveCfg = Release|Any CPU
		{464B20F7-B7B8-45D7-A77D-8C503F6F533F}.Release|x86.Build.0 = Release|Any CPU
		{00FF2FCD-B68B-4318-9A97-B086FD5DE2A0}.Debug|Any CPU.ActiveCfg = Debug|Any CPU
		{00FF2FCD-B68B-4318-9A97-B086FD5DE2A0}.Debug|Any CPU.Build.0 = Debug|Any CPU
		{00FF2FCD-B68B-4318-9A97-B086FD5DE2A0}.Debug|x64.ActiveCfg = Debug|Any CPU
		{00FF2FCD-B68B-4318-9A97-B086FD5DE2A0}.Debug|x64.Build.0 = Debug|Any CPU
		{00FF2FCD-B68B-4318-9A97-B086FD5DE2A0}.Debug|x86.ActiveCfg = Debug|Any CPU
		{00FF2FCD-B68B-4318-9A97-B086FD5DE2A0}.Debug|x86.Build.0 = Debug|Any CPU
		{00FF2FCD-B68B-4318-9A97-B086FD5DE2A0}.Release|Any CPU.ActiveCfg = Release|Any CPU
		{00FF2FCD-B68B-4318-9A97-B086FD5DE2A0}.Release|Any CPU.Build.0 = Release|Any CPU
		{00FF2FCD-B68B-4318-9A97-B086FD5DE2A0}.Release|x64.ActiveCfg = Release|Any CPU
		{00FF2FCD-B68B-4318-9A97-B086FD5DE2A0}.Release|x64.Build.0 = Release|Any CPU
		{00FF2FCD-B68B-4318-9A97-B086FD5DE2A0}.Release|x86.ActiveCfg = Release|Any CPU
		{00FF2FCD-B68B-4318-9A97-B086FD5DE2A0}.Release|x86.Build.0 = Release|Any CPU
		{A360B6EC-698A-4D2B-B7A4-7F95A06CCAC3}.Debug|Any CPU.ActiveCfg = Debug|Any CPU
		{A360B6EC-698A-4D2B-B7A4-7F95A06CCAC3}.Debug|Any CPU.Build.0 = Debug|Any CPU
		{A360B6EC-698A-4D2B-B7A4-7F95A06CCAC3}.Debug|x64.ActiveCfg = Debug|Any CPU
		{A360B6EC-698A-4D2B-B7A4-7F95A06CCAC3}.Debug|x64.Build.0 = Debug|Any CPU
		{A360B6EC-698A-4D2B-B7A4-7F95A06CCAC3}.Debug|x86.ActiveCfg = Debug|Any CPU
		{A360B6EC-698A-4D2B-B7A4-7F95A06CCAC3}.Debug|x86.Build.0 = Debug|Any CPU
		{A360B6EC-698A-4D2B-B7A4-7F95A06CCAC3}.Release|Any CPU.ActiveCfg = Release|Any CPU
		{A360B6EC-698A-4D2B-B7A4-7F95A06CCAC3}.Release|Any CPU.Build.0 = Release|Any CPU
		{A360B6EC-698A-4D2B-B7A4-7F95A06CCAC3}.Release|x64.ActiveCfg = Release|Any CPU
		{A360B6EC-698A-4D2B-B7A4-7F95A06CCAC3}.Release|x64.Build.0 = Release|Any CPU
		{A360B6EC-698A-4D2B-B7A4-7F95A06CCAC3}.Release|x86.ActiveCfg = Release|Any CPU
		{A360B6EC-698A-4D2B-B7A4-7F95A06CCAC3}.Release|x86.Build.0 = Release|Any CPU
		{8CA4A5E3-2BFD-4E6D-A3E7-9E02CD406EA7}.Debug|Any CPU.ActiveCfg = Debug|Any CPU
		{8CA4A5E3-2BFD-4E6D-A3E7-9E02CD406EA7}.Debug|Any CPU.Build.0 = Debug|Any CPU
		{8CA4A5E3-2BFD-4E6D-A3E7-9E02CD406EA7}.Debug|x64.ActiveCfg = Debug|Any CPU
		{8CA4A5E3-2BFD-4E6D-A3E7-9E02CD406EA7}.Debug|x64.Build.0 = Debug|Any CPU
		{8CA4A5E3-2BFD-4E6D-A3E7-9E02CD406EA7}.Debug|x86.ActiveCfg = Debug|Any CPU
		{8CA4A5E3-2BFD-4E6D-A3E7-9E02CD406EA7}.Debug|x86.Build.0 = Debug|Any CPU
		{8CA4A5E3-2BFD-4E6D-A3E7-9E02CD406EA7}.Release|Any CPU.ActiveCfg = Release|Any CPU
		{8CA4A5E3-2BFD-4E6D-A3E7-9E02CD406EA7}.Release|Any CPU.Build.0 = Release|Any CPU
		{8CA4A5E3-2BFD-4E6D-A3E7-9E02CD406EA7}.Release|x64.ActiveCfg = Release|Any CPU
		{8CA4A5E3-2BFD-4E6D-A3E7-9E02CD406EA7}.Release|x64.Build.0 = Release|Any CPU
		{8CA4A5E3-2BFD-4E6D-A3E7-9E02CD406EA7}.Release|x86.ActiveCfg = Release|Any CPU
		{8CA4A5E3-2BFD-4E6D-A3E7-9E02CD406EA7}.Release|x86.Build.0 = Release|Any CPU
		{2709FF6C-3BB4-41F6-B842-C41E6AA13E94}.Debug|Any CPU.ActiveCfg = Debug|Any CPU
		{2709FF6C-3BB4-41F6-B842-C41E6AA13E94}.Debug|Any CPU.Build.0 = Debug|Any CPU
		{2709FF6C-3BB4-41F6-B842-C41E6AA13E94}.Debug|x64.ActiveCfg = Debug|Any CPU
		{2709FF6C-3BB4-41F6-B842-C41E6AA13E94}.Debug|x64.Build.0 = Debug|Any CPU
		{2709FF6C-3BB4-41F6-B842-C41E6AA13E94}.Debug|x86.ActiveCfg = Debug|Any CPU
		{2709FF6C-3BB4-41F6-B842-C41E6AA13E94}.Debug|x86.Build.0 = Debug|Any CPU
		{2709FF6C-3BB4-41F6-B842-C41E6AA13E94}.Release|Any CPU.ActiveCfg = Release|Any CPU
		{2709FF6C-3BB4-41F6-B842-C41E6AA13E94}.Release|Any CPU.Build.0 = Release|Any CPU
		{2709FF6C-3BB4-41F6-B842-C41E6AA13E94}.Release|x64.ActiveCfg = Release|Any CPU
		{2709FF6C-3BB4-41F6-B842-C41E6AA13E94}.Release|x64.Build.0 = Release|Any CPU
		{2709FF6C-3BB4-41F6-B842-C41E6AA13E94}.Release|x86.ActiveCfg = Release|Any CPU
		{2709FF6C-3BB4-41F6-B842-C41E6AA13E94}.Release|x86.Build.0 = Release|Any CPU
		{A0B13E79-9944-464F-8E84-B72F6727491A}.Debug|Any CPU.ActiveCfg = Debug|Any CPU
		{A0B13E79-9944-464F-8E84-B72F6727491A}.Debug|Any CPU.Build.0 = Debug|Any CPU
		{A0B13E79-9944-464F-8E84-B72F6727491A}.Debug|x64.ActiveCfg = Debug|Any CPU
		{A0B13E79-9944-464F-8E84-B72F6727491A}.Debug|x64.Build.0 = Debug|Any CPU
		{A0B13E79-9944-464F-8E84-B72F6727491A}.Debug|x86.ActiveCfg = Debug|Any CPU
		{A0B13E79-9944-464F-8E84-B72F6727491A}.Debug|x86.Build.0 = Debug|Any CPU
		{A0B13E79-9944-464F-8E84-B72F6727491A}.Release|Any CPU.ActiveCfg = Release|Any CPU
		{A0B13E79-9944-464F-8E84-B72F6727491A}.Release|Any CPU.Build.0 = Release|Any CPU
		{A0B13E79-9944-464F-8E84-B72F6727491A}.Release|x64.ActiveCfg = Release|Any CPU
		{A0B13E79-9944-464F-8E84-B72F6727491A}.Release|x64.Build.0 = Release|Any CPU
		{A0B13E79-9944-464F-8E84-B72F6727491A}.Release|x86.ActiveCfg = Release|Any CPU
		{A0B13E79-9944-464F-8E84-B72F6727491A}.Release|x86.Build.0 = Release|Any CPU
		{206C7451-4609-4F30-B7AB-14B2FB8B96C8}.Debug|Any CPU.ActiveCfg = Debug|Any CPU
		{206C7451-4609-4F30-B7AB-14B2FB8B96C8}.Debug|Any CPU.Build.0 = Debug|Any CPU
		{206C7451-4609-4F30-B7AB-14B2FB8B96C8}.Debug|x64.ActiveCfg = Debug|Any CPU
		{206C7451-4609-4F30-B7AB-14B2FB8B96C8}.Debug|x64.Build.0 = Debug|Any CPU
		{206C7451-4609-4F30-B7AB-14B2FB8B96C8}.Debug|x86.ActiveCfg = Debug|Any CPU
		{206C7451-4609-4F30-B7AB-14B2FB8B96C8}.Debug|x86.Build.0 = Debug|Any CPU
		{206C7451-4609-4F30-B7AB-14B2FB8B96C8}.Release|Any CPU.ActiveCfg = Release|Any CPU
		{206C7451-4609-4F30-B7AB-14B2FB8B96C8}.Release|Any CPU.Build.0 = Release|Any CPU
		{206C7451-4609-4F30-B7AB-14B2FB8B96C8}.Release|x64.ActiveCfg = Release|Any CPU
		{206C7451-4609-4F30-B7AB-14B2FB8B96C8}.Release|x64.Build.0 = Release|Any CPU
		{206C7451-4609-4F30-B7AB-14B2FB8B96C8}.Release|x86.ActiveCfg = Release|Any CPU
		{206C7451-4609-4F30-B7AB-14B2FB8B96C8}.Release|x86.Build.0 = Release|Any CPU
		{918E7FCC-0F36-42CA-B81F-F578C168A02F}.Debug|Any CPU.ActiveCfg = Debug|Any CPU
		{918E7FCC-0F36-42CA-B81F-F578C168A02F}.Debug|Any CPU.Build.0 = Debug|Any CPU
		{918E7FCC-0F36-42CA-B81F-F578C168A02F}.Debug|x64.ActiveCfg = Debug|Any CPU
		{918E7FCC-0F36-42CA-B81F-F578C168A02F}.Debug|x64.Build.0 = Debug|Any CPU
		{918E7FCC-0F36-42CA-B81F-F578C168A02F}.Debug|x86.ActiveCfg = Debug|Any CPU
		{918E7FCC-0F36-42CA-B81F-F578C168A02F}.Debug|x86.Build.0 = Debug|Any CPU
		{918E7FCC-0F36-42CA-B81F-F578C168A02F}.Release|Any CPU.ActiveCfg = Release|Any CPU
		{918E7FCC-0F36-42CA-B81F-F578C168A02F}.Release|Any CPU.Build.0 = Release|Any CPU
		{918E7FCC-0F36-42CA-B81F-F578C168A02F}.Release|x64.ActiveCfg = Release|Any CPU
		{918E7FCC-0F36-42CA-B81F-F578C168A02F}.Release|x64.Build.0 = Release|Any CPU
		{918E7FCC-0F36-42CA-B81F-F578C168A02F}.Release|x86.ActiveCfg = Release|Any CPU
		{918E7FCC-0F36-42CA-B81F-F578C168A02F}.Release|x86.Build.0 = Release|Any CPU
		{5D753C64-F6EF-4AEB-91E4-CA259D0176F9}.Debug|Any CPU.ActiveCfg = Debug|Any CPU
		{5D753C64-F6EF-4AEB-91E4-CA259D0176F9}.Debug|Any CPU.Build.0 = Debug|Any CPU
		{5D753C64-F6EF-4AEB-91E4-CA259D0176F9}.Debug|x64.ActiveCfg = Debug|Any CPU
		{5D753C64-F6EF-4AEB-91E4-CA259D0176F9}.Debug|x64.Build.0 = Debug|Any CPU
		{5D753C64-F6EF-4AEB-91E4-CA259D0176F9}.Debug|x86.ActiveCfg = Debug|Any CPU
		{5D753C64-F6EF-4AEB-91E4-CA259D0176F9}.Debug|x86.Build.0 = Debug|Any CPU
		{5D753C64-F6EF-4AEB-91E4-CA259D0176F9}.Release|Any CPU.ActiveCfg = Release|Any CPU
		{5D753C64-F6EF-4AEB-91E4-CA259D0176F9}.Release|Any CPU.Build.0 = Release|Any CPU
		{5D753C64-F6EF-4AEB-91E4-CA259D0176F9}.Release|x64.ActiveCfg = Release|Any CPU
		{5D753C64-F6EF-4AEB-91E4-CA259D0176F9}.Release|x64.Build.0 = Release|Any CPU
		{5D753C64-F6EF-4AEB-91E4-CA259D0176F9}.Release|x86.ActiveCfg = Release|Any CPU
		{5D753C64-F6EF-4AEB-91E4-CA259D0176F9}.Release|x86.Build.0 = Release|Any CPU
		{7F8AEC9E-B957-4428-A153-2E6D4AF68C17}.Debug|Any CPU.ActiveCfg = Debug|Any CPU
		{7F8AEC9E-B957-4428-A153-2E6D4AF68C17}.Debug|Any CPU.Build.0 = Debug|Any CPU
		{7F8AEC9E-B957-4428-A153-2E6D4AF68C17}.Debug|x64.ActiveCfg = Debug|Any CPU
		{7F8AEC9E-B957-4428-A153-2E6D4AF68C17}.Debug|x64.Build.0 = Debug|Any CPU
		{7F8AEC9E-B957-4428-A153-2E6D4AF68C17}.Debug|x86.ActiveCfg = Debug|Any CPU
		{7F8AEC9E-B957-4428-A153-2E6D4AF68C17}.Debug|x86.Build.0 = Debug|Any CPU
		{7F8AEC9E-B957-4428-A153-2E6D4AF68C17}.Release|Any CPU.ActiveCfg = Release|Any CPU
		{7F8AEC9E-B957-4428-A153-2E6D4AF68C17}.Release|Any CPU.Build.0 = Release|Any CPU
		{7F8AEC9E-B957-4428-A153-2E6D4AF68C17}.Release|x64.ActiveCfg = Release|Any CPU
		{7F8AEC9E-B957-4428-A153-2E6D4AF68C17}.Release|x64.Build.0 = Release|Any CPU
		{7F8AEC9E-B957-4428-A153-2E6D4AF68C17}.Release|x86.ActiveCfg = Release|Any CPU
		{7F8AEC9E-B957-4428-A153-2E6D4AF68C17}.Release|x86.Build.0 = Release|Any CPU
		{8B2EBB25-4EEF-4DB1-8F8A-29BCA70AF6AD}.Debug|Any CPU.ActiveCfg = Debug|Any CPU
		{8B2EBB25-4EEF-4DB1-8F8A-29BCA70AF6AD}.Debug|Any CPU.Build.0 = Debug|Any CPU
		{8B2EBB25-4EEF-4DB1-8F8A-29BCA70AF6AD}.Debug|x64.ActiveCfg = Debug|Any CPU
		{8B2EBB25-4EEF-4DB1-8F8A-29BCA70AF6AD}.Debug|x64.Build.0 = Debug|Any CPU
		{8B2EBB25-4EEF-4DB1-8F8A-29BCA70AF6AD}.Debug|x86.ActiveCfg = Debug|Any CPU
		{8B2EBB25-4EEF-4DB1-8F8A-29BCA70AF6AD}.Debug|x86.Build.0 = Debug|Any CPU
		{8B2EBB25-4EEF-4DB1-8F8A-29BCA70AF6AD}.Release|Any CPU.ActiveCfg = Release|Any CPU
		{8B2EBB25-4EEF-4DB1-8F8A-29BCA70AF6AD}.Release|Any CPU.Build.0 = Release|Any CPU
		{8B2EBB25-4EEF-4DB1-8F8A-29BCA70AF6AD}.Release|x64.ActiveCfg = Release|Any CPU
		{8B2EBB25-4EEF-4DB1-8F8A-29BCA70AF6AD}.Release|x64.Build.0 = Release|Any CPU
		{8B2EBB25-4EEF-4DB1-8F8A-29BCA70AF6AD}.Release|x86.ActiveCfg = Release|Any CPU
		{8B2EBB25-4EEF-4DB1-8F8A-29BCA70AF6AD}.Release|x86.Build.0 = Release|Any CPU
		{F417DF9C-EB38-49D1-8D68-0AC63CEBCC42}.Debug|Any CPU.ActiveCfg = Debug|Any CPU
		{F417DF9C-EB38-49D1-8D68-0AC63CEBCC42}.Debug|Any CPU.Build.0 = Debug|Any CPU
		{F417DF9C-EB38-49D1-8D68-0AC63CEBCC42}.Debug|x64.ActiveCfg = Debug|Any CPU
		{F417DF9C-EB38-49D1-8D68-0AC63CEBCC42}.Debug|x64.Build.0 = Debug|Any CPU
		{F417DF9C-EB38-49D1-8D68-0AC63CEBCC42}.Debug|x86.ActiveCfg = Debug|Any CPU
		{F417DF9C-EB38-49D1-8D68-0AC63CEBCC42}.Debug|x86.Build.0 = Debug|Any CPU
		{F417DF9C-EB38-49D1-8D68-0AC63CEBCC42}.Release|Any CPU.ActiveCfg = Release|Any CPU
		{F417DF9C-EB38-49D1-8D68-0AC63CEBCC42}.Release|Any CPU.Build.0 = Release|Any CPU
		{F417DF9C-EB38-49D1-8D68-0AC63CEBCC42}.Release|x64.ActiveCfg = Release|Any CPU
		{F417DF9C-EB38-49D1-8D68-0AC63CEBCC42}.Release|x64.Build.0 = Release|Any CPU
		{F417DF9C-EB38-49D1-8D68-0AC63CEBCC42}.Release|x86.ActiveCfg = Release|Any CPU
		{F417DF9C-EB38-49D1-8D68-0AC63CEBCC42}.Release|x86.Build.0 = Release|Any CPU
		{7B92AC4A-4823-4A16-83B3-3DE8A1F38D68}.Debug|Any CPU.ActiveCfg = Debug|Any CPU
		{7B92AC4A-4823-4A16-83B3-3DE8A1F38D68}.Debug|Any CPU.Build.0 = Debug|Any CPU
		{7B92AC4A-4823-4A16-83B3-3DE8A1F38D68}.Debug|x64.ActiveCfg = Debug|Any CPU
		{7B92AC4A-4823-4A16-83B3-3DE8A1F38D68}.Debug|x64.Build.0 = Debug|Any CPU
		{7B92AC4A-4823-4A16-83B3-3DE8A1F38D68}.Debug|x86.ActiveCfg = Debug|Any CPU
		{7B92AC4A-4823-4A16-83B3-3DE8A1F38D68}.Debug|x86.Build.0 = Debug|Any CPU
		{7B92AC4A-4823-4A16-83B3-3DE8A1F38D68}.Release|Any CPU.ActiveCfg = Release|Any CPU
		{7B92AC4A-4823-4A16-83B3-3DE8A1F38D68}.Release|Any CPU.Build.0 = Release|Any CPU
		{7B92AC4A-4823-4A16-83B3-3DE8A1F38D68}.Release|x64.ActiveCfg = Release|Any CPU
		{7B92AC4A-4823-4A16-83B3-3DE8A1F38D68}.Release|x64.Build.0 = Release|Any CPU
		{7B92AC4A-4823-4A16-83B3-3DE8A1F38D68}.Release|x86.ActiveCfg = Release|Any CPU
		{7B92AC4A-4823-4A16-83B3-3DE8A1F38D68}.Release|x86.Build.0 = Release|Any CPU
		{872092E1-33A8-44EC-9DCD-C83AACAE43B4}.Debug|Any CPU.ActiveCfg = Debug|Any CPU
		{872092E1-33A8-44EC-9DCD-C83AACAE43B4}.Debug|Any CPU.Build.0 = Debug|Any CPU
		{872092E1-33A8-44EC-9DCD-C83AACAE43B4}.Debug|x64.ActiveCfg = Debug|Any CPU
		{872092E1-33A8-44EC-9DCD-C83AACAE43B4}.Debug|x64.Build.0 = Debug|Any CPU
		{872092E1-33A8-44EC-9DCD-C83AACAE43B4}.Debug|x86.ActiveCfg = Debug|Any CPU
		{872092E1-33A8-44EC-9DCD-C83AACAE43B4}.Debug|x86.Build.0 = Debug|Any CPU
		{872092E1-33A8-44EC-9DCD-C83AACAE43B4}.Release|Any CPU.ActiveCfg = Release|Any CPU
		{872092E1-33A8-44EC-9DCD-C83AACAE43B4}.Release|Any CPU.Build.0 = Release|Any CPU
		{872092E1-33A8-44EC-9DCD-C83AACAE43B4}.Release|x64.ActiveCfg = Release|Any CPU
		{872092E1-33A8-44EC-9DCD-C83AACAE43B4}.Release|x64.Build.0 = Release|Any CPU
		{872092E1-33A8-44EC-9DCD-C83AACAE43B4}.Release|x86.ActiveCfg = Release|Any CPU
		{872092E1-33A8-44EC-9DCD-C83AACAE43B4}.Release|x86.Build.0 = Release|Any CPU
		{20E04B05-8E5D-433A-8D28-8E25C3AD5509}.Debug|Any CPU.ActiveCfg = Debug|Any CPU
		{20E04B05-8E5D-433A-8D28-8E25C3AD5509}.Debug|Any CPU.Build.0 = Debug|Any CPU
		{20E04B05-8E5D-433A-8D28-8E25C3AD5509}.Debug|x64.ActiveCfg = Debug|Any CPU
		{20E04B05-8E5D-433A-8D28-8E25C3AD5509}.Debug|x64.Build.0 = Debug|Any CPU
		{20E04B05-8E5D-433A-8D28-8E25C3AD5509}.Debug|x86.ActiveCfg = Debug|Any CPU
		{20E04B05-8E5D-433A-8D28-8E25C3AD5509}.Debug|x86.Build.0 = Debug|Any CPU
		{20E04B05-8E5D-433A-8D28-8E25C3AD5509}.Release|Any CPU.ActiveCfg = Release|Any CPU
		{20E04B05-8E5D-433A-8D28-8E25C3AD5509}.Release|Any CPU.Build.0 = Release|Any CPU
		{20E04B05-8E5D-433A-8D28-8E25C3AD5509}.Release|x64.ActiveCfg = Release|Any CPU
		{20E04B05-8E5D-433A-8D28-8E25C3AD5509}.Release|x64.Build.0 = Release|Any CPU
		{20E04B05-8E5D-433A-8D28-8E25C3AD5509}.Release|x86.ActiveCfg = Release|Any CPU
		{20E04B05-8E5D-433A-8D28-8E25C3AD5509}.Release|x86.Build.0 = Release|Any CPU
		{9ED5C493-07D6-4FAE-97D5-1BB4BFEEBEB7}.Debug|Any CPU.ActiveCfg = Debug|Any CPU
		{9ED5C493-07D6-4FAE-97D5-1BB4BFEEBEB7}.Debug|Any CPU.Build.0 = Debug|Any CPU
		{9ED5C493-07D6-4FAE-97D5-1BB4BFEEBEB7}.Debug|x64.ActiveCfg = Debug|Any CPU
		{9ED5C493-07D6-4FAE-97D5-1BB4BFEEBEB7}.Debug|x64.Build.0 = Debug|Any CPU
		{9ED5C493-07D6-4FAE-97D5-1BB4BFEEBEB7}.Debug|x86.ActiveCfg = Debug|Any CPU
		{9ED5C493-07D6-4FAE-97D5-1BB4BFEEBEB7}.Debug|x86.Build.0 = Debug|Any CPU
		{9ED5C493-07D6-4FAE-97D5-1BB4BFEEBEB7}.Release|Any CPU.ActiveCfg = Release|Any CPU
		{9ED5C493-07D6-4FAE-97D5-1BB4BFEEBEB7}.Release|Any CPU.Build.0 = Release|Any CPU
		{9ED5C493-07D6-4FAE-97D5-1BB4BFEEBEB7}.Release|x64.ActiveCfg = Release|Any CPU
		{9ED5C493-07D6-4FAE-97D5-1BB4BFEEBEB7}.Release|x64.Build.0 = Release|Any CPU
		{9ED5C493-07D6-4FAE-97D5-1BB4BFEEBEB7}.Release|x86.ActiveCfg = Release|Any CPU
		{9ED5C493-07D6-4FAE-97D5-1BB4BFEEBEB7}.Release|x86.Build.0 = Release|Any CPU
		{7D621546-E731-4786-85FB-691581D3E72C}.Debug|Any CPU.ActiveCfg = Debug|Any CPU
		{7D621546-E731-4786-85FB-691581D3E72C}.Debug|Any CPU.Build.0 = Debug|Any CPU
		{7D621546-E731-4786-85FB-691581D3E72C}.Debug|x64.ActiveCfg = Debug|Any CPU
		{7D621546-E731-4786-85FB-691581D3E72C}.Debug|x64.Build.0 = Debug|Any CPU
		{7D621546-E731-4786-85FB-691581D3E72C}.Debug|x86.ActiveCfg = Debug|Any CPU
		{7D621546-E731-4786-85FB-691581D3E72C}.Debug|x86.Build.0 = Debug|Any CPU
		{7D621546-E731-4786-85FB-691581D3E72C}.Release|Any CPU.ActiveCfg = Release|Any CPU
		{7D621546-E731-4786-85FB-691581D3E72C}.Release|Any CPU.Build.0 = Release|Any CPU
		{7D621546-E731-4786-85FB-691581D3E72C}.Release|x64.ActiveCfg = Release|Any CPU
		{7D621546-E731-4786-85FB-691581D3E72C}.Release|x64.Build.0 = Release|Any CPU
		{7D621546-E731-4786-85FB-691581D3E72C}.Release|x86.ActiveCfg = Release|Any CPU
		{7D621546-E731-4786-85FB-691581D3E72C}.Release|x86.Build.0 = Release|Any CPU
		{00FB7BAD-97A2-4702-A572-087A4FEDF224}.Debug|Any CPU.ActiveCfg = Debug|Any CPU
		{00FB7BAD-97A2-4702-A572-087A4FEDF224}.Debug|Any CPU.Build.0 = Debug|Any CPU
		{00FB7BAD-97A2-4702-A572-087A4FEDF224}.Debug|x64.ActiveCfg = Debug|Any CPU
		{00FB7BAD-97A2-4702-A572-087A4FEDF224}.Debug|x64.Build.0 = Debug|Any CPU
		{00FB7BAD-97A2-4702-A572-087A4FEDF224}.Debug|x86.ActiveCfg = Debug|Any CPU
		{00FB7BAD-97A2-4702-A572-087A4FEDF224}.Debug|x86.Build.0 = Debug|Any CPU
		{00FB7BAD-97A2-4702-A572-087A4FEDF224}.Release|Any CPU.ActiveCfg = Release|Any CPU
		{00FB7BAD-97A2-4702-A572-087A4FEDF224}.Release|Any CPU.Build.0 = Release|Any CPU
		{00FB7BAD-97A2-4702-A572-087A4FEDF224}.Release|x64.ActiveCfg = Release|Any CPU
		{00FB7BAD-97A2-4702-A572-087A4FEDF224}.Release|x64.Build.0 = Release|Any CPU
		{00FB7BAD-97A2-4702-A572-087A4FEDF224}.Release|x86.ActiveCfg = Release|Any CPU
		{00FB7BAD-97A2-4702-A572-087A4FEDF224}.Release|x86.Build.0 = Release|Any CPU
		{EA1DBB08-C1F0-478A-87C1-358F656102F6}.Debug|Any CPU.ActiveCfg = Debug|Any CPU
		{EA1DBB08-C1F0-478A-87C1-358F656102F6}.Debug|Any CPU.Build.0 = Debug|Any CPU
		{EA1DBB08-C1F0-478A-87C1-358F656102F6}.Debug|x64.ActiveCfg = Debug|Any CPU
		{EA1DBB08-C1F0-478A-87C1-358F656102F6}.Debug|x64.Build.0 = Debug|Any CPU
		{EA1DBB08-C1F0-478A-87C1-358F656102F6}.Debug|x86.ActiveCfg = Debug|Any CPU
		{EA1DBB08-C1F0-478A-87C1-358F656102F6}.Debug|x86.Build.0 = Debug|Any CPU
		{EA1DBB08-C1F0-478A-87C1-358F656102F6}.Release|Any CPU.ActiveCfg = Release|Any CPU
		{EA1DBB08-C1F0-478A-87C1-358F656102F6}.Release|Any CPU.Build.0 = Release|Any CPU
		{EA1DBB08-C1F0-478A-87C1-358F656102F6}.Release|x64.ActiveCfg = Release|Any CPU
		{EA1DBB08-C1F0-478A-87C1-358F656102F6}.Release|x64.Build.0 = Release|Any CPU
		{EA1DBB08-C1F0-478A-87C1-358F656102F6}.Release|x86.ActiveCfg = Release|Any CPU
		{EA1DBB08-C1F0-478A-87C1-358F656102F6}.Release|x86.Build.0 = Release|Any CPU
		{664FB999-83A0-433C-932C-1443B26DF61E}.Debug|Any CPU.ActiveCfg = Debug|Any CPU
		{664FB999-83A0-433C-932C-1443B26DF61E}.Debug|Any CPU.Build.0 = Debug|Any CPU
		{664FB999-83A0-433C-932C-1443B26DF61E}.Debug|x64.ActiveCfg = Debug|Any CPU
		{664FB999-83A0-433C-932C-1443B26DF61E}.Debug|x64.Build.0 = Debug|Any CPU
		{664FB999-83A0-433C-932C-1443B26DF61E}.Debug|x86.ActiveCfg = Debug|Any CPU
		{664FB999-83A0-433C-932C-1443B26DF61E}.Debug|x86.Build.0 = Debug|Any CPU
		{664FB999-83A0-433C-932C-1443B26DF61E}.Release|Any CPU.ActiveCfg = Release|Any CPU
		{664FB999-83A0-433C-932C-1443B26DF61E}.Release|Any CPU.Build.0 = Release|Any CPU
		{664FB999-83A0-433C-932C-1443B26DF61E}.Release|x64.ActiveCfg = Release|Any CPU
		{664FB999-83A0-433C-932C-1443B26DF61E}.Release|x64.Build.0 = Release|Any CPU
		{664FB999-83A0-433C-932C-1443B26DF61E}.Release|x86.ActiveCfg = Release|Any CPU
		{664FB999-83A0-433C-932C-1443B26DF61E}.Release|x86.Build.0 = Release|Any CPU
		{01F60765-4B81-4BE8-8C18-1291F74F9CE0}.Debug|Any CPU.ActiveCfg = Debug|Any CPU
		{01F60765-4B81-4BE8-8C18-1291F74F9CE0}.Debug|Any CPU.Build.0 = Debug|Any CPU
		{01F60765-4B81-4BE8-8C18-1291F74F9CE0}.Debug|x64.ActiveCfg = Debug|Any CPU
		{01F60765-4B81-4BE8-8C18-1291F74F9CE0}.Debug|x64.Build.0 = Debug|Any CPU
		{01F60765-4B81-4BE8-8C18-1291F74F9CE0}.Debug|x86.ActiveCfg = Debug|Any CPU
		{01F60765-4B81-4BE8-8C18-1291F74F9CE0}.Debug|x86.Build.0 = Debug|Any CPU
		{01F60765-4B81-4BE8-8C18-1291F74F9CE0}.Release|Any CPU.ActiveCfg = Release|Any CPU
		{01F60765-4B81-4BE8-8C18-1291F74F9CE0}.Release|Any CPU.Build.0 = Release|Any CPU
		{01F60765-4B81-4BE8-8C18-1291F74F9CE0}.Release|x64.ActiveCfg = Release|Any CPU
		{01F60765-4B81-4BE8-8C18-1291F74F9CE0}.Release|x64.Build.0 = Release|Any CPU
		{01F60765-4B81-4BE8-8C18-1291F74F9CE0}.Release|x86.ActiveCfg = Release|Any CPU
		{01F60765-4B81-4BE8-8C18-1291F74F9CE0}.Release|x86.Build.0 = Release|Any CPU
		{CFE2AED2-B95A-4821-8EF9-92316F90A0D9}.Debug|Any CPU.ActiveCfg = Debug|Any CPU
		{CFE2AED2-B95A-4821-8EF9-92316F90A0D9}.Debug|Any CPU.Build.0 = Debug|Any CPU
		{CFE2AED2-B95A-4821-8EF9-92316F90A0D9}.Debug|x64.ActiveCfg = Debug|Any CPU
		{CFE2AED2-B95A-4821-8EF9-92316F90A0D9}.Debug|x64.Build.0 = Debug|Any CPU
		{CFE2AED2-B95A-4821-8EF9-92316F90A0D9}.Debug|x86.ActiveCfg = Debug|Any CPU
		{CFE2AED2-B95A-4821-8EF9-92316F90A0D9}.Debug|x86.Build.0 = Debug|Any CPU
		{CFE2AED2-B95A-4821-8EF9-92316F90A0D9}.Release|Any CPU.ActiveCfg = Release|Any CPU
		{CFE2AED2-B95A-4821-8EF9-92316F90A0D9}.Release|Any CPU.Build.0 = Release|Any CPU
		{CFE2AED2-B95A-4821-8EF9-92316F90A0D9}.Release|x64.ActiveCfg = Release|Any CPU
		{CFE2AED2-B95A-4821-8EF9-92316F90A0D9}.Release|x64.Build.0 = Release|Any CPU
		{CFE2AED2-B95A-4821-8EF9-92316F90A0D9}.Release|x86.ActiveCfg = Release|Any CPU
		{CFE2AED2-B95A-4821-8EF9-92316F90A0D9}.Release|x86.Build.0 = Release|Any CPU
		{943A5EF7-1F95-4A67-AB37-C945DC571531}.Debug|Any CPU.ActiveCfg = Debug|Any CPU
		{943A5EF7-1F95-4A67-AB37-C945DC571531}.Debug|Any CPU.Build.0 = Debug|Any CPU
		{943A5EF7-1F95-4A67-AB37-C945DC571531}.Debug|x64.ActiveCfg = Debug|Any CPU
		{943A5EF7-1F95-4A67-AB37-C945DC571531}.Debug|x64.Build.0 = Debug|Any CPU
		{943A5EF7-1F95-4A67-AB37-C945DC571531}.Debug|x86.ActiveCfg = Debug|Any CPU
		{943A5EF7-1F95-4A67-AB37-C945DC571531}.Debug|x86.Build.0 = Debug|Any CPU
		{943A5EF7-1F95-4A67-AB37-C945DC571531}.Release|Any CPU.ActiveCfg = Release|Any CPU
		{943A5EF7-1F95-4A67-AB37-C945DC571531}.Release|Any CPU.Build.0 = Release|Any CPU
		{943A5EF7-1F95-4A67-AB37-C945DC571531}.Release|x64.ActiveCfg = Release|Any CPU
		{943A5EF7-1F95-4A67-AB37-C945DC571531}.Release|x64.Build.0 = Release|Any CPU
		{943A5EF7-1F95-4A67-AB37-C945DC571531}.Release|x86.ActiveCfg = Release|Any CPU
		{943A5EF7-1F95-4A67-AB37-C945DC571531}.Release|x86.Build.0 = Release|Any CPU
		{1337767E-4093-4F03-9455-C2755D636371}.Debug|Any CPU.ActiveCfg = Debug|Any CPU
		{1337767E-4093-4F03-9455-C2755D636371}.Debug|Any CPU.Build.0 = Debug|Any CPU
		{1337767E-4093-4F03-9455-C2755D636371}.Debug|x64.ActiveCfg = Debug|Any CPU
		{1337767E-4093-4F03-9455-C2755D636371}.Debug|x64.Build.0 = Debug|Any CPU
		{1337767E-4093-4F03-9455-C2755D636371}.Debug|x86.ActiveCfg = Debug|Any CPU
		{1337767E-4093-4F03-9455-C2755D636371}.Debug|x86.Build.0 = Debug|Any CPU
		{1337767E-4093-4F03-9455-C2755D636371}.Release|Any CPU.ActiveCfg = Release|Any CPU
		{1337767E-4093-4F03-9455-C2755D636371}.Release|Any CPU.Build.0 = Release|Any CPU
		{1337767E-4093-4F03-9455-C2755D636371}.Release|x64.ActiveCfg = Release|Any CPU
		{1337767E-4093-4F03-9455-C2755D636371}.Release|x64.Build.0 = Release|Any CPU
		{1337767E-4093-4F03-9455-C2755D636371}.Release|x86.ActiveCfg = Release|Any CPU
		{1337767E-4093-4F03-9455-C2755D636371}.Release|x86.Build.0 = Release|Any CPU
		{60C382C0-23DD-48B6-A120-BC8F4ACC84BD}.Debug|Any CPU.ActiveCfg = Debug|Any CPU
		{60C382C0-23DD-48B6-A120-BC8F4ACC84BD}.Debug|Any CPU.Build.0 = Debug|Any CPU
		{60C382C0-23DD-48B6-A120-BC8F4ACC84BD}.Debug|x64.ActiveCfg = Debug|Any CPU
		{60C382C0-23DD-48B6-A120-BC8F4ACC84BD}.Debug|x64.Build.0 = Debug|Any CPU
		{60C382C0-23DD-48B6-A120-BC8F4ACC84BD}.Debug|x86.ActiveCfg = Debug|Any CPU
		{60C382C0-23DD-48B6-A120-BC8F4ACC84BD}.Debug|x86.Build.0 = Debug|Any CPU
		{60C382C0-23DD-48B6-A120-BC8F4ACC84BD}.Release|Any CPU.ActiveCfg = Release|Any CPU
		{60C382C0-23DD-48B6-A120-BC8F4ACC84BD}.Release|Any CPU.Build.0 = Release|Any CPU
		{60C382C0-23DD-48B6-A120-BC8F4ACC84BD}.Release|x64.ActiveCfg = Release|Any CPU
		{60C382C0-23DD-48B6-A120-BC8F4ACC84BD}.Release|x64.Build.0 = Release|Any CPU
		{60C382C0-23DD-48B6-A120-BC8F4ACC84BD}.Release|x86.ActiveCfg = Release|Any CPU
		{60C382C0-23DD-48B6-A120-BC8F4ACC84BD}.Release|x86.Build.0 = Release|Any CPU
		{01EC0CA3-7369-415F-95A6-30BE7729A583}.Debug|Any CPU.ActiveCfg = Debug|Any CPU
		{01EC0CA3-7369-415F-95A6-30BE7729A583}.Debug|Any CPU.Build.0 = Debug|Any CPU
		{01EC0CA3-7369-415F-95A6-30BE7729A583}.Debug|x64.ActiveCfg = Debug|Any CPU
		{01EC0CA3-7369-415F-95A6-30BE7729A583}.Debug|x64.Build.0 = Debug|Any CPU
		{01EC0CA3-7369-415F-95A6-30BE7729A583}.Debug|x86.ActiveCfg = Debug|Any CPU
		{01EC0CA3-7369-415F-95A6-30BE7729A583}.Debug|x86.Build.0 = Debug|Any CPU
		{01EC0CA3-7369-415F-95A6-30BE7729A583}.Release|Any CPU.ActiveCfg = Release|Any CPU
		{01EC0CA3-7369-415F-95A6-30BE7729A583}.Release|Any CPU.Build.0 = Release|Any CPU
		{01EC0CA3-7369-415F-95A6-30BE7729A583}.Release|x64.ActiveCfg = Release|Any CPU
		{01EC0CA3-7369-415F-95A6-30BE7729A583}.Release|x64.Build.0 = Release|Any CPU
		{01EC0CA3-7369-415F-95A6-30BE7729A583}.Release|x86.ActiveCfg = Release|Any CPU
		{01EC0CA3-7369-415F-95A6-30BE7729A583}.Release|x86.Build.0 = Release|Any CPU
	EndGlobalSection
	GlobalSection(SolutionProperties) = preSolution
		HideSolutionNode = FALSE
	EndGlobalSection
	GlobalSection(ExtensibilityGlobals) = postSolution
		SolutionGuid = {D77345AF-0B5A-44E3-BF6A-C37DAECF19C5}
	EndGlobalSection
EndGlobal
